// !$*UTF8*$!
{
	archiveVersion = 1;
	classes = {
	};
	objectVersion = 56;
	objects = {

/* Begin PBXBuildFile section */
		135CA6E12A44D42D0046E8F9 /* seaBunnyPirateQuestApp.swift in Sources */ = {isa = PBXBuildFile; fileRef = 135CA6E02A44D42D0046E8F9 /* seaBunnyPirateQuestApp.swift */; };
		135CA6E32A44D42D0046E8F9 /* ContentView.swift in Sources */ = {isa = PBXBuildFile; fileRef = 135CA6E22A44D42D0046E8F9 /* ContentView.swift */; };
		135CA6E52A44D4300046E8F9 /* Assets.xcassets in Resources */ = {isa = PBXBuildFile; fileRef = 135CA6E42A44D4300046E8F9 /* Assets.xcassets */; };
		135CA6E82A44D4300046E8F9 /* Preview Assets.xcassets in Resources */ = {isa = PBXBuildFile; fileRef = 135CA6E72A44D4300046E8F9 /* Preview Assets.xcassets */; };
		135CA6EF2A44D59C0046E8F9 /* openingView.swift in Sources */ = {isa = PBXBuildFile; fileRef = 135CA6EE2A44D59C0046E8F9 /* openingView.swift */; };
		135CA6F32A44DA920046E8F9 /* homeView.swift in Sources */ = {isa = PBXBuildFile; fileRef = 135CA6F22A44DA920046E8F9 /* homeView.swift */; };
		135CA6F52A44DC520046E8F9 /* aboutView.swift in Sources */ = {isa = PBXBuildFile; fileRef = 135CA6F42A44DC520046E8F9 /* aboutView.swift */; };
		135CA6F72A44DC5E0046E8F9 /* characterView.swift in Sources */ = {isa = PBXBuildFile; fileRef = 135CA6F62A44DC5E0046E8F9 /* characterView.swift */; };
		135CA6F92A44DC690046E8F9 /* creatorsView.swift in Sources */ = {isa = PBXBuildFile; fileRef = 135CA6F82A44DC690046E8F9 /* creatorsView.swift */; };
		135CA6FB2A44DC700046E8F9 /* shopView.swift in Sources */ = {isa = PBXBuildFile; fileRef = 135CA6FA2A44DC700046E8F9 /* shopView.swift */; };
/* End PBXBuildFile section */

/* Begin PBXFileReference section */
		135CA6DD2A44D42D0046E8F9 /* seaBunnyPirateQuest.app */ = {isa = PBXFileReference; explicitFileType = wrapper.application; includeInIndex = 0; path = seaBunnyPirateQuest.app; sourceTree = BUILT_PRODUCTS_DIR; };
		135CA6E02A44D42D0046E8F9 /* seaBunnyPirateQuestApp.swift */ = {isa = PBXFileReference; lastKnownFileType = sourcecode.swift; path = seaBunnyPirateQuestApp.swift; sourceTree = "<group>"; };
		135CA6E22A44D42D0046E8F9 /* ContentView.swift */ = {isa = PBXFileReference; lastKnownFileType = sourcecode.swift; path = ContentView.swift; sourceTree = "<group>"; };
		135CA6E42A44D4300046E8F9 /* Assets.xcassets */ = {isa = PBXFileReference; lastKnownFileType = folder.assetcatalog; path = Assets.xcassets; sourceTree = "<group>"; };
		135CA6E72A44D4300046E8F9 /* Preview Assets.xcassets */ = {isa = PBXFileReference; lastKnownFileType = folder.assetcatalog; path = "Preview Assets.xcassets"; sourceTree = "<group>"; };
		135CA6EE2A44D59C0046E8F9 /* openingView.swift */ = {isa = PBXFileReference; lastKnownFileType = sourcecode.swift; path = openingView.swift; sourceTree = "<group>"; };
		135CA6F22A44DA920046E8F9 /* homeView.swift */ = {isa = PBXFileReference; lastKnownFileType = sourcecode.swift; path = homeView.swift; sourceTree = "<group>"; };
		135CA6F42A44DC520046E8F9 /* aboutView.swift */ = {isa = PBXFileReference; lastKnownFileType = sourcecode.swift; path = aboutView.swift; sourceTree = "<group>"; };
		135CA6F62A44DC5E0046E8F9 /* characterView.swift */ = {isa = PBXFileReference; lastKnownFileType = sourcecode.swift; path = characterView.swift; sourceTree = "<group>"; };
		135CA6F82A44DC690046E8F9 /* creatorsView.swift */ = {isa = PBXFileReference; lastKnownFileType = sourcecode.swift; path = creatorsView.swift; sourceTree = "<group>"; };
		135CA6FA2A44DC700046E8F9 /* shopView.swift */ = {isa = PBXFileReference; lastKnownFileType = sourcecode.swift; path = shopView.swift; sourceTree = "<group>"; };
/* End PBXFileReference section */

/* Begin PBXFrameworksBuildPhase section */
		135CA6DA2A44D42D0046E8F9 /* Frameworks */ = {
			isa = PBXFrameworksBuildPhase;
			buildActionMask = 2147483647;
			files = (
			);
			runOnlyForDeploymentPostprocessing = 0;
		};
/* End PBXFrameworksBuildPhase section */

/* Begin PBXGroup section */
		135CA6D42A44D42D0046E8F9 = {
			isa = PBXGroup;
			children = (
				135CA6DF2A44D42D0046E8F9 /* seaBunnyPirateQuest */,
				135CA6DE2A44D42D0046E8F9 /* Products */,
			);
			sourceTree = "<group>";
		};
		135CA6DE2A44D42D0046E8F9 /* Products */ = {
			isa = PBXGroup;
			children = (
				135CA6DD2A44D42D0046E8F9 /* seaBunnyPirateQuest.app */,
			);
			name = Products;
			sourceTree = "<group>";
		};
		135CA6DF2A44D42D0046E8F9 /* seaBunnyPirateQuest */ = {
			isa = PBXGroup;
			children = (
				135CA6E02A44D42D0046E8F9 /* seaBunnyPirateQuestApp.swift */,
				135CA6E22A44D42D0046E8F9 /* ContentView.swift */,
				135CA6F22A44DA920046E8F9 /* homeView.swift */,
				135CA6F42A44DC520046E8F9 /* aboutView.swift */,
				135CA6F62A44DC5E0046E8F9 /* characterView.swift */,
				135CA6F82A44DC690046E8F9 /* creatorsView.swift */,
				135CA6FA2A44DC700046E8F9 /* shopView.swift */,
				135CA6EE2A44D59C0046E8F9 /* openingView.swift */,
				135CA6E42A44D4300046E8F9 /* Assets.xcassets */,
				135CA6E62A44D4300046E8F9 /* Preview Content */,
			);
			path = seaBunnyPirateQuest;
			sourceTree = "<group>";
		};
		135CA6E62A44D4300046E8F9 /* Preview Content */ = {
			isa = PBXGroup;
			children = (
				135CA6E72A44D4300046E8F9 /* Preview Assets.xcassets */,
			);
			path = "Preview Content";
			sourceTree = "<group>";
		};
/* End PBXGroup section */

/* Begin PBXNativeTarget section */
		135CA6DC2A44D42D0046E8F9 /* seaBunnyPirateQuest */ = {
			isa = PBXNativeTarget;
			buildConfigurationList = 135CA6EB2A44D4300046E8F9 /* Build configuration list for PBXNativeTarget "seaBunnyPirateQuest" */;
			buildPhases = (
				135CA6D92A44D42D0046E8F9 /* Sources */,
				135CA6DA2A44D42D0046E8F9 /* Frameworks */,
				135CA6DB2A44D42D0046E8F9 /* Resources */,
			);
			buildRules = (
			);
			dependencies = (
			);
			name = seaBunnyPirateQuest;
			productName = seaBunnyPirateQuest;
			productReference = 135CA6DD2A44D42D0046E8F9 /* seaBunnyPirateQuest.app */;
			productType = "com.apple.product-type.application";
		};
/* End PBXNativeTarget section */

/* Begin PBXProject section */
		135CA6D52A44D42D0046E8F9 /* Project object */ = {
			isa = PBXProject;
			attributes = {
				BuildIndependentTargetsInParallel = 1;
				LastSwiftUpdateCheck = 1430;
				LastUpgradeCheck = 1430;
				TargetAttributes = {
					135CA6DC2A44D42D0046E8F9 = {
						CreatedOnToolsVersion = 14.3.1;
					};
				};
			};
			buildConfigurationList = 135CA6D82A44D42D0046E8F9 /* Build configuration list for PBXProject "seaBunnyPirateQuest" */;
			compatibilityVersion = "Xcode 14.0";
			developmentRegion = en;
			hasScannedForEncodings = 0;
			knownRegions = (
				en,
				Base,
			);
			mainGroup = 135CA6D42A44D42D0046E8F9;
			productRefGroup = 135CA6DE2A44D42D0046E8F9 /* Products */;
			projectDirPath = "";
			projectRoot = "";
			targets = (
				135CA6DC2A44D42D0046E8F9 /* seaBunnyPirateQuest */,
			);
		};
/* End PBXProject section */

/* Begin PBXResourcesBuildPhase section */
		135CA6DB2A44D42D0046E8F9 /* Resources */ = {
			isa = PBXResourcesBuildPhase;
			buildActionMask = 2147483647;
			files = (
				135CA6E82A44D4300046E8F9 /* Preview Assets.xcassets in Resources */,
				135CA6E52A44D4300046E8F9 /* Assets.xcassets in Resources */,
			);
			runOnlyForDeploymentPostprocessing = 0;
		};
/* End PBXResourcesBuildPhase section */

/* Begin PBXSourcesBuildPhase section */
		135CA6D92A44D42D0046E8F9 /* Sources */ = {
			isa = PBXSourcesBuildPhase;
			buildActionMask = 2147483647;
			files = (
				135CA6EF2A44D59C0046E8F9 /* openingView.swift in Sources */,
				135CA6F32A44DA920046E8F9 /* homeView.swift in Sources */,
				135CA6F72A44DC5E0046E8F9 /* characterView.swift in Sources */,
				135CA6F92A44DC690046E8F9 /* creatorsView.swift in Sources */,
				135CA6F52A44DC520046E8F9 /* aboutView.swift in Sources */,
				135CA6E32A44D42D0046E8F9 /* ContentView.swift in Sources */,
				135CA6FB2A44DC700046E8F9 /* shopView.swift in Sources */,
				135CA6E12A44D42D0046E8F9 /* seaBunnyPirateQuestApp.swift in Sources */,
			);
			runOnlyForDeploymentPostprocessing = 0;
		};
/* End PBXSourcesBuildPhase section */

/* Begin XCBuildConfiguration section */
		135CA6E92A44D4300046E8F9 /* Debug */ = {
			isa = XCBuildConfiguration;
			buildSettings = {
				ALWAYS_SEARCH_USER_PATHS = NO;
				CLANG_ANALYZER_NONNULL = YES;
				CLANG_ANALYZER_NUMBER_OBJECT_CONVERSION = YES_AGGRESSIVE;
				CLANG_CXX_LANGUAGE_STANDARD = "gnu++20";
				CLANG_ENABLE_MODULES = YES;
				CLANG_ENABLE_OBJC_ARC = YES;
				CLANG_ENABLE_OBJC_WEAK = YES;
				CLANG_WARN_BLOCK_CAPTURE_AUTORELEASING = YES;
				CLANG_WARN_BOOL_CONVERSION = YES;
				CLANG_WARN_COMMA = YES;
				CLANG_WARN_CONSTANT_CONVERSION = YES;
				CLANG_WARN_DEPRECATED_OBJC_IMPLEMENTATIONS = YES;
				CLANG_WARN_DIRECT_OBJC_ISA_USAGE = YES_ERROR;
				CLANG_WARN_DOCUMENTATION_COMMENTS = YES;
				CLANG_WARN_EMPTY_BODY = YES;
				CLANG_WARN_ENUM_CONVERSION = YES;
				CLANG_WARN_INFINITE_RECURSION = YES;
				CLANG_WARN_INT_CONVERSION = YES;
				CLANG_WARN_NON_LITERAL_NULL_CONVERSION = YES;
				CLANG_WARN_OBJC_IMPLICIT_RETAIN_SELF = YES;
				CLANG_WARN_OBJC_LITERAL_CONVERSION = YES;
				CLANG_WARN_OBJC_ROOT_CLASS = YES_ERROR;
				CLANG_WARN_QUOTED_INCLUDE_IN_FRAMEWORK_HEADER = YES;
				CLANG_WARN_RANGE_LOOP_ANALYSIS = YES;
				CLANG_WARN_STRICT_PROTOTYPES = YES;
				CLANG_WARN_SUSPICIOUS_MOVE = YES;
				CLANG_WARN_UNGUARDED_AVAILABILITY = YES_AGGRESSIVE;
				CLANG_WARN_UNREACHABLE_CODE = YES;
				CLANG_WARN__DUPLICATE_METHOD_MATCH = YES;
				COPY_PHASE_STRIP = NO;
				DEBUG_INFORMATION_FORMAT = dwarf;
				ENABLE_STRICT_OBJC_MSGSEND = YES;
				ENABLE_TESTABILITY = YES;
				GCC_C_LANGUAGE_STANDARD = gnu11;
				GCC_DYNAMIC_NO_PIC = NO;
				GCC_NO_COMMON_BLOCKS = YES;
				GCC_OPTIMIZATION_LEVEL = 0;
				GCC_PREPROCESSOR_DEFINITIONS = (
					"DEBUG=1",
					"$(inherited)",
				);
				GCC_WARN_64_TO_32_BIT_CONVERSION = YES;
				GCC_WARN_ABOUT_RETURN_TYPE = YES_ERROR;
				GCC_WARN_UNDECLARED_SELECTOR = YES;
				GCC_WARN_UNINITIALIZED_AUTOS = YES_AGGRESSIVE;
				GCC_WARN_UNUSED_FUNCTION = YES;
				GCC_WARN_UNUSED_VARIABLE = YES;
				IPHONEOS_DEPLOYMENT_TARGET = 16.4;
				MTL_ENABLE_DEBUG_INFO = INCLUDE_SOURCE;
				MTL_FAST_MATH = YES;
				ONLY_ACTIVE_ARCH = YES;
				SDKROOT = iphoneos;
				SWIFT_ACTIVE_COMPILATION_CONDITIONS = DEBUG;
				SWIFT_OPTIMIZATION_LEVEL = "-Onone";
			};
			name = Debug;
		};
		135CA6EA2A44D4300046E8F9 /* Release */ = {
			isa = XCBuildConfiguration;
			buildSettings = {
				ALWAYS_SEARCH_USER_PATHS = NO;
				CLANG_ANALYZER_NONNULL = YES;
				CLANG_ANALYZER_NUMBER_OBJECT_CONVERSION = YES_AGGRESSIVE;
				CLANG_CXX_LANGUAGE_STANDARD = "gnu++20";
				CLANG_ENABLE_MODULES = YES;
				CLANG_ENABLE_OBJC_ARC = YES;
				CLANG_ENABLE_OBJC_WEAK = YES;
				CLANG_WARN_BLOCK_CAPTURE_AUTORELEASING = YES;
				CLANG_WARN_BOOL_CONVERSION = YES;
				CLANG_WARN_COMMA = YES;
				CLANG_WARN_CONSTANT_CONVERSION = YES;
				CLANG_WARN_DEPRECATED_OBJC_IMPLEMENTATIONS = YES;
				CLANG_WARN_DIRECT_OBJC_ISA_USAGE = YES_ERROR;
				CLANG_WARN_DOCUMENTATION_COMMENTS = YES;
				CLANG_WARN_EMPTY_BODY = YES;
				CLANG_WARN_ENUM_CONVERSION = YES;
				CLANG_WARN_INFINITE_RECURSION = YES;
				CLANG_WARN_INT_CONVERSION = YES;
				CLANG_WARN_NON_LITERAL_NULL_CONVERSION = YES;
				CLANG_WARN_OBJC_IMPLICIT_RETAIN_SELF = YES;
				CLANG_WARN_OBJC_LITERAL_CONVERSION = YES;
				CLANG_WARN_OBJC_ROOT_CLASS = YES_ERROR;
				CLANG_WARN_QUOTED_INCLUDE_IN_FRAMEWORK_HEADER = YES;
				CLANG_WARN_RANGE_LOOP_ANALYSIS = YES;
				CLANG_WARN_STRICT_PROTOTYPES = YES;
				CLANG_WARN_SUSPICIOUS_MOVE = YES;
				CLANG_WARN_UNGUARDED_AVAILABILITY = YES_AGGRESSIVE;
				CLANG_WARN_UNREACHABLE_CODE = YES;
				CLANG_WARN__DUPLICATE_METHOD_MATCH = YES;
				COPY_PHASE_STRIP = NO;
				DEBUG_INFORMATION_FORMAT = "dwarf-with-dsym";
				ENABLE_NS_ASSERTIONS = NO;
				ENABLE_STRICT_OBJC_MSGSEND = YES;
				GCC_C_LANGUAGE_STANDARD = gnu11;
				GCC_NO_COMMON_BLOCKS = YES;
				GCC_WARN_64_TO_32_BIT_CONVERSION = YES;
				GCC_WARN_ABOUT_RETURN_TYPE = YES_ERROR;
				GCC_WARN_UNDECLARED_SELECTOR = YES;
				GCC_WARN_UNINITIALIZED_AUTOS = YES_AGGRESSIVE;
				GCC_WARN_UNUSED_FUNCTION = YES;
				GCC_WARN_UNUSED_VARIABLE = YES;
				IPHONEOS_DEPLOYMENT_TARGET = 16.4;
				MTL_ENABLE_DEBUG_INFO = NO;
				MTL_FAST_MATH = YES;
				SDKROOT = iphoneos;
				SWIFT_COMPILATION_MODE = wholemodule;
				SWIFT_OPTIMIZATION_LEVEL = "-O";
				VALIDATE_PRODUCT = YES;
			};
			name = Release;
		};
		135CA6EC2A44D4300046E8F9 /* Debug */ = {
			isa = XCBuildConfiguration;
			buildSettings = {
				ASSETCATALOG_COMPILER_APPICON_NAME = AppIcon;
				ASSETCATALOG_COMPILER_GLOBAL_ACCENT_COLOR_NAME = AccentColor;
				CODE_SIGN_STYLE = Automatic;
				CURRENT_PROJECT_VERSION = 1;
				DEVELOPMENT_ASSET_PATHS = "\"seaBunnyPirateQuest/Preview Content\"";
				DEVELOPMENT_TEAM = 7H8992XYR8;
				ENABLE_PREVIEWS = YES;
				GENERATE_INFOPLIST_FILE = YES;
				INFOPLIST_KEY_UIApplicationSceneManifest_Generation = YES;
				INFOPLIST_KEY_UIApplicationSupportsIndirectInputEvents = YES;
				INFOPLIST_KEY_UILaunchScreen_Generation = YES;
				INFOPLIST_KEY_UISupportedInterfaceOrientations_iPad = "UIInterfaceOrientationPortrait UIInterfaceOrientationPortraitUpsideDown UIInterfaceOrientationLandscapeLeft UIInterfaceOrientationLandscapeRight";
				INFOPLIST_KEY_UISupportedInterfaceOrientations_iPhone = "UIInterfaceOrientationPortrait UIInterfaceOrientationLandscapeLeft UIInterfaceOrientationLandscapeRight";
				LD_RUNPATH_SEARCH_PATHS = (
					"$(inherited)",
					"@executable_path/Frameworks",
				);
				MARKETING_VERSION = 1.0;
				PRODUCT_BUNDLE_IDENTIFIER = seaBunny.seaBunnyPirateQuest;
				PRODUCT_NAME = "$(TARGET_NAME)";
				SWIFT_EMIT_LOC_STRINGS = YES;
				SWIFT_VERSION = 5.0;
				TARGETED_DEVICE_FAMILY = "1,2";
			};
			name = Debug;
		};
		135CA6ED2A44D4300046E8F9 /* Release */ = {
			isa = XCBuildConfiguration;
			buildSettings = {
				ASSETCATALOG_COMPILER_APPICON_NAME = AppIcon;
				ASSETCATALOG_COMPILER_GLOBAL_ACCENT_COLOR_NAME = AccentColor;
				CODE_SIGN_STYLE = Automatic;
				CURRENT_PROJECT_VERSION = 1;
				DEVELOPMENT_ASSET_PATHS = "\"seaBunnyPirateQuest/Preview Content\"";
				DEVELOPMENT_TEAM = 7H8992XYR8;
				ENABLE_PREVIEWS = YES;
				GENERATE_INFOPLIST_FILE = YES;
				INFOPLIST_KEY_UIApplicationSceneManifest_Generation = YES;
				INFOPLIST_KEY_UIApplicationSupportsIndirectInputEvents = YES;
				INFOPLIST_KEY_UILaunchScreen_Generation = YES;
				INFOPLIST_KEY_UISupportedInterfaceOrientations_iPad = "UIInterfaceOrientationPortrait UIInterfaceOrientationPortraitUpsideDown UIInterfaceOrientationLandscapeLeft UIInterfaceOrientationLandscapeRight";
				INFOPLIST_KEY_UISupportedInterfaceOrientations_iPhone = "UIInterfaceOrientationPortrait UIInterfaceOrientationLandscapeLeft UIInterfaceOrientationLandscapeRight";
				LD_RUNPATH_SEARCH_PATHS = (
					"$(inherited)",
					"@executable_path/Frameworks",
				);
				MARKETING_VERSION = 1.0;
				PRODUCT_BUNDLE_IDENTIFIER = seaBunny.seaBunnyPirateQuest;
				PRODUCT_NAME = "$(TARGET_NAME)";
				SWIFT_EMIT_LOC_STRINGS = YES;
				SWIFT_VERSION = 5.0;
				TARGETED_DEVICE_FAMILY = "1,2";
			};
			name = Release;
		};
/* End XCBuildConfiguration section */

/* Begin XCConfigurationList section */
		135CA6D82A44D42D0046E8F9 /* Build configuration list for PBXProject "seaBunnyPirateQuest" */ = {
			isa = XCConfigurationList;
			buildConfigurations = (
				135CA6E92A44D4300046E8F9 /* Debug */,
				135CA6EA2A44D4300046E8F9 /* Release */,
			);
			defaultConfigurationIsVisible = 0;
			defaultConfigurationName = Release;
		};
		135CA6EB2A44D4300046E8F9 /* Build configuration list for PBXNativeTarget "seaBunnyPirateQuest" */ = {
			isa = XCConfigurationList;
			buildConfigurations = (
				135CA6EC2A44D4300046E8F9 /* Debug */,
				135CA6ED2A44D4300046E8F9 /* Release */,
			);
			defaultConfigurationIsVisible = 0;
			defaultConfigurationName = Release;
		};
/* End XCConfigurationList section */
	};
	rootObject = 135CA6D52A44D42D0046E8F9 /* Project object */;
}
